
Microsoft Visual Studio Solution File, Format Version 12.00
# Visual Studio Version 16
VisualStudioVersion = 16.0.34301.259
MinimumVisualStudioVersion = 10.0.40219.1
Project("{FAE04EC0-301F-11D3-BF4B-00C04F79EFBC}") = "practice", "practice\practice.csproj", "{DD876EF4-EE40-4AF3-BAFF-8FF64D0503AE}"
EndProject
Global
	GlobalSection(SolutionConfigurationPlatforms) = preSolution
		Debug|Any CPU = Debug|Any CPU
		Release|Any CPU = Release|Any CPU
	EndGlobalSection
	GlobalSection(ProjectConfigurationPlatforms) = postSolution
		{DD876EF4-EE40-4AF3-BAFF-8FF64D0503AE}.Debug|Any CPU.ActiveCfg = Debug|Any CPU
		{DD876EF4-EE40-4AF3-BAFF-8FF64D0503AE}.Debug|Any CPU.Build.0 = Debug|Any CPU
		{DD876EF4-EE40-4AF3-BAFF-8FF64D0503AE}.Release|Any CPU.ActiveCfg = Release|Any CPU
		{DD876EF4-EE40-4AF3-BAFF-8FF64D0503AE}.Release|Any CPU.Build.0 = Release|Any CPU
	EndGlobalSection
	GlobalSection(SolutionProperties) = preSolution
		HideSolutionNode = FALSE
	EndGlobalSection
	GlobalSection(ExtensibilityGlobals) = postSolution
		SolutionGuid = {37A7E7A0-DC76-448B-B434-CD5AA7D109DE}
	EndGlobalSection
EndGlobal
